// !$*UTF8*$!
{
	archiveVersion = 1;
	classes = {
	};
	objectVersion = 60;
	objects = {

/* Begin PBXBuildFile section */
		A30DD2352F7493000016F357 /* PreviewHelpers.swift in Sources */ = {isa = PBXBuildFile; fileRef = A30DD2342F7493000016F357 /* PreviewHelpers.swift */; };
		AA000000000000000000001A /* App.swift in Sources */ = {isa = PBXBuildFile; fileRef = AA000000000000000000001B /* App.swift */; };
		AA000000000000000000002A /* ContentView.swift in Sources */ = {isa = PBXBuildFile; fileRef = AA000000000000000000002B /* ContentView.swift */; };
		AA000000000000000000005A /* SampleLogBatches.swift in Sources */ = {isa = PBXBuildFile; fileRef = AA000000000000000000005B /* SampleLogBatches.swift */; };
		AA000000000000000000006A /* FoundationInsights in Frameworks */ = {isa = PBXBuildFile; productRef = AA000000000000000000006B /* FoundationInsights */; };
		AA000000000000000000A01A /* AppDependencies.swift in Sources */ = {isa = PBXBuildFile; fileRef = AA000000000000000000A01B /* AppDependencies.swift */; };
		AA000000000000000000A02A /* LogAnalysisError.swift in Sources */ = {isa = PBXBuildFile; fileRef = AA000000000000000000A02B /* LogAnalysisError.swift */; };
		AA000000000000000000A03A /* AnalyzeLogsUseCase.swift in Sources */ = {isa = PBXBuildFile; fileRef = AA000000000000000000A03B /* AnalyzeLogsUseCase.swift */; };
		AA000000000000000000A04A /* LoadSampleBatchUseCase.swift in Sources */ = {isa = PBXBuildFile; fileRef = AA000000000000000000A04B /* LoadSampleBatchUseCase.swift */; };
		AA000000000000000000A05A /* LogAnalysisRepositoryProtocol.swift in Sources */ = {isa = PBXBuildFile; fileRef = AA000000000000000000A05B /* LogAnalysisRepositoryProtocol.swift */; };
		AA000000000000000000A06A /* LogAnalysisDataSourceProtocol.swift in Sources */ = {isa = PBXBuildFile; fileRef = AA000000000000000000A06B /* LogAnalysisDataSourceProtocol.swift */; };
		AA000000000000000000A07A /* FoundationInsightsDataSource.swift in Sources */ = {isa = PBXBuildFile; fileRef = AA000000000000000000A07B /* FoundationInsightsDataSource.swift */; };
		AA000000000000000000A08A /* DefaultLogAnalysisRepository.swift in Sources */ = {isa = PBXBuildFile; fileRef = AA000000000000000000A08B /* DefaultLogAnalysisRepository.swift */; };
		AA000000000000000000A09A /* LogAnalysisViewState.swift in Sources */ = {isa = PBXBuildFile; fileRef = AA000000000000000000A09B /* LogAnalysisViewState.swift */; };
		AA000000000000000000A0AA /* LogAnalysisViewModel.swift in Sources */ = {isa = PBXBuildFile; fileRef = AA000000000000000000A0AB /* LogAnalysisViewModel.swift */; };
		AA000000000000000000A0BA /* LogAnalysisView.swift in Sources */ = {isa = PBXBuildFile; fileRef = AA000000000000000000A0BB /* LogAnalysisView.swift */; };
		AA000000000000000000A10A /* SamplePickerCard.swift in Sources */ = {isa = PBXBuildFile; fileRef = AA000000000000000000A10B /* SamplePickerCard.swift */; };
		AA000000000000000000A11A /* LogBatchCard.swift in Sources */ = {isa = PBXBuildFile; fileRef = AA000000000000000000A11B /* LogBatchCard.swift */; };
		AA000000000000000000A12A /* AnalyzeButton.swift in Sources */ = {isa = PBXBuildFile; fileRef = AA000000000000000000A12B /* AnalyzeButton.swift */; };
		AA000000000000000000A13A /* ResultCard.swift in Sources */ = {isa = PBXBuildFile; fileRef = AA000000000000000000A13B /* ResultCard.swift */; };
		AA000000000000000000A14A /* ErrorBanner.swift in Sources */ = {isa = PBXBuildFile; fileRef = AA000000000000000000A14B /* ErrorBanner.swift */; };
		AA000000000000000000A15A /* UrgencyBadge.swift in Sources */ = {isa = PBXBuildFile; fileRef = AA000000000000000000A15B /* UrgencyBadge.swift */; };
		AA000000000000000000A16A /* TagsRow.swift in Sources */ = {isa = PBXBuildFile; fileRef = AA000000000000000000A16B /* TagsRow.swift */; };
		AA000000000000000000A17A /* CardContainer.swift in Sources */ = {isa = PBXBuildFile; fileRef = AA000000000000000000A17B /* CardContainer.swift */; };
		AA000000000000000000A18A /* SectionHeader.swift in Sources */ = {isa = PBXBuildFile; fileRef = AA000000000000000000A18B /* SectionHeader.swift */; };
/* End PBXBuildFile section */

/* Begin PBXFileReference section */
		A30DD2342F7493000016F357 /* PreviewHelpers.swift */ = {isa = PBXFileReference; lastKnownFileType = sourcecode.swift; path = PreviewHelpers.swift; sourceTree = "<group>"; };
		AA000000000000000000001B /* App.swift */ = {isa = PBXFileReference; lastKnownFileType = sourcecode.swift; path = App.swift; sourceTree = "<group>"; };
		AA000000000000000000002B /* ContentView.swift */ = {isa = PBXFileReference; lastKnownFileType = sourcecode.swift; path = ContentView.swift; sourceTree = "<group>"; };
		AA000000000000000000005B /* SampleLogBatches.swift */ = {isa = PBXFileReference; lastKnownFileType = sourcecode.swift; path = SampleLogBatches.swift; sourceTree = "<group>"; };
		AA00000000000000000000F0 /* Info.plist */ = {isa = PBXFileReference; lastKnownFileType = text.plist.xml; path = Info.plist; sourceTree = "<group>"; };
		AA00000000000000000000F1 /* FoundationInsightsDemo.app */ = {isa = PBXFileReference; explicitFileType = wrapper.application; includeInIndex = 0; path = FoundationInsightsDemo.app; sourceTree = BUILT_PRODUCTS_DIR; };
		AA000000000000000000A01B /* AppDependencies.swift */ = {isa = PBXFileReference; lastKnownFileType = sourcecode.swift; path = AppDependencies.swift; sourceTree = "<group>"; };
		AA000000000000000000A02B /* LogAnalysisError.swift */ = {isa = PBXFileReference; lastKnownFileType = sourcecode.swift; path = LogAnalysisError.swift; sourceTree = "<group>"; };
		AA000000000000000000A03B /* AnalyzeLogsUseCase.swift */ = {isa = PBXFileReference; lastKnownFileType = sourcecode.swift; path = AnalyzeLogsUseCase.swift; sourceTree = "<group>"; };
		AA000000000000000000A04B /* LoadSampleBatchUseCase.swift */ = {isa = PBXFileReference; lastKnownFileType = sourcecode.swift; path = LoadSampleBatchUseCase.swift; sourceTree = "<group>"; };
		AA000000000000000000A05B /* LogAnalysisRepositoryProtocol.swift */ = {isa = PBXFileReference; lastKnownFileType = sourcecode.swift; path = LogAnalysisRepositoryProtocol.swift; sourceTree = "<group>"; };
		AA000000000000000000A06B /* LogAnalysisDataSourceProtocol.swift */ = {isa = PBXFileReference; lastKnownFileType = sourcecode.swift; path = LogAnalysisDataSourceProtocol.swift; sourceTree = "<group>"; };
		AA000000000000000000A07B /* FoundationInsightsDataSource.swift */ = {isa = PBXFileReference; lastKnownFileType = sourcecode.swift; path = FoundationInsightsDataSource.swift; sourceTree = "<group>"; };
		AA000000000000000000A08B /* DefaultLogAnalysisRepository.swift */ = {isa = PBXFileReference; lastKnownFileType = sourcecode.swift; path = DefaultLogAnalysisRepository.swift; sourceTree = "<group>"; };
		AA000000000000000000A09B /* LogAnalysisViewState.swift */ = {isa = PBXFileReference; lastKnownFileType = sourcecode.swift; path = LogAnalysisViewState.swift; sourceTree = "<group>"; };
		AA000000000000000000A0AB /* LogAnalysisViewModel.swift */ = {isa = PBXFileReference; lastKnownFileType = sourcecode.swift; path = LogAnalysisViewModel.swift; sourceTree = "<group>"; };
		AA000000000000000000A0BB /* LogAnalysisView.swift */ = {isa = PBXFileReference; lastKnownFileType = sourcecode.swift; path = LogAnalysisView.swift; sourceTree = "<group>"; };
		AA000000000000000000A10B /* SamplePickerCard.swift */ = {isa = PBXFileReference; lastKnownFileType = sourcecode.swift; path = SamplePickerCard.swift; sourceTree = "<group>"; };
		AA000000000000000000A11B /* LogBatchCard.swift */ = {isa = PBXFileReference; lastKnownFileType = sourcecode.swift; path = LogBatchCard.swift; sourceTree = "<group>"; };
		AA000000000000000000A12B /* AnalyzeButton.swift */ = {isa = PBXFileReference; lastKnownFileType = sourcecode.swift; path = AnalyzeButton.swift; sourceTree = "<group>"; };
		AA000000000000000000A13B /* ResultCard.swift */ = {isa = PBXFileReference; lastKnownFileType = sourcecode.swift; path = ResultCard.swift; sourceTree = "<group>"; };
		AA000000000000000000A14B /* ErrorBanner.swift */ = {isa = PBXFileReference; lastKnownFileType = sourcecode.swift; path = ErrorBanner.swift; sourceTree = "<group>"; };
		AA000000000000000000A15B /* UrgencyBadge.swift */ = {isa = PBXFileReference; lastKnownFileType = sourcecode.swift; path = UrgencyBadge.swift; sourceTree = "<group>"; };
		AA000000000000000000A16B /* TagsRow.swift */ = {isa = PBXFileReference; lastKnownFileType = sourcecode.swift; path = TagsRow.swift; sourceTree = "<group>"; };
		AA000000000000000000A17B /* CardContainer.swift */ = {isa = PBXFileReference; lastKnownFileType = sourcecode.swift; path = CardContainer.swift; sourceTree = "<group>"; };
		AA000000000000000000A18B /* SectionHeader.swift */ = {isa = PBXFileReference; lastKnownFileType = sourcecode.swift; path = SectionHeader.swift; sourceTree = "<group>"; };
/* End PBXFileReference section */

/* Begin PBXFrameworksBuildPhase section */
		AA0000000000000000000100 /* Frameworks */ = {
			isa = PBXFrameworksBuildPhase;
			buildActionMask = 2147483647;
			files = (
				AA000000000000000000006A /* FoundationInsights in Frameworks */,
			);
			runOnlyForDeploymentPostprocessing = 0;
		};
/* End PBXFrameworksBuildPhase section */

/* Begin PBXGroup section */
		AA0000000000000000000200 /* Products */ = {
			isa = PBXGroup;
			children = (
				AA00000000000000000000F1 /* FoundationInsightsDemo.app */,
			);
			name = Products;
			sourceTree = "<group>";
		};
		AA0000000000000000000201 /* FoundationInsightsDemo */ = {
			isa = PBXGroup;
			children = (
				AA000000000000000000001B /* App.swift */,
				AA000000000000000000A01B /* AppDependencies.swift */,
				AA000000000000000000002B /* ContentView.swift */,
				AA000000000000000000005B /* SampleLogBatches.swift */,
				AA00000000000000000000F0 /* Info.plist */,
				AA0000000000000000000D01 /* Domain */,
				AA0000000000000000000D05 /* Data */,
				AA0000000000000000000D08 /* Presentation */,
			);
			path = FoundationInsightsDemo;
			sourceTree = "<group>";
		};
		AA0000000000000000000202 = {
			isa = PBXGroup;
			children = (
				AA0000000000000000000201 /* FoundationInsightsDemo */,
				AA0000000000000000000200 /* Products */,
			);
			sourceTree = "<group>";
		};
		AA0000000000000000000D01 /* Domain */ = {
			isa = PBXGroup;
			children = (
				AA0000000000000000000D02 /* Entities */,
				AA0000000000000000000D03 /* UseCases */,
				AA0000000000000000000D04 /* Repositories */,
			);
			path = Domain;
			sourceTree = "<group>";
		};
		AA0000000000000000000D02 /* Entities */ = {
			isa = PBXGroup;
			children = (
				AA000000000000000000A02B /* LogAnalysisError.swift */,
			);
			path = Entities;
			sourceTree = "<group>";
		};
		AA0000000000000000000D03 /* UseCases */ = {
			isa = PBXGroup;
			children = (
				AA000000000000000000A03B /* AnalyzeLogsUseCase.swift */,
				AA000000000000000000A04B /* LoadSampleBatchUseCase.swift */,
			);
			path = UseCases;
			sourceTree = "<group>";
		};
		AA0000000000000000000D04 /* Repositories */ = {
			isa = PBXGroup;
			children = (
				AA000000000000000000A05B /* LogAnalysisRepositoryProtocol.swift */,
			);
			path = Repositories;
			sourceTree = "<group>";
		};
		AA0000000000000000000D05 /* Data */ = {
			isa = PBXGroup;
			children = (
				AA0000000000000000000D06 /* DataSources */,
				AA0000000000000000000D07 /* Repositories */,
			);
			path = Data;
			sourceTree = "<group>";
		};
		AA0000000000000000000D06 /* DataSources */ = {
			isa = PBXGroup;
			children = (
				AA000000000000000000A06B /* LogAnalysisDataSourceProtocol.swift */,
				AA000000000000000000A07B /* FoundationInsightsDataSource.swift */,
			);
			path = DataSources;
			sourceTree = "<group>";
		};
		AA0000000000000000000D07 /* Repositories */ = {
			isa = PBXGroup;
			children = (
				AA000000000000000000A08B /* DefaultLogAnalysisRepository.swift */,
			);
			path = Repositories;
			sourceTree = "<group>";
		};
		AA0000000000000000000D08 /* Presentation */ = {
			isa = PBXGroup;
			children = (
				AA0000000000000000000D09 /* LogAnalysis */,
				AA0000000000000000000D0A /* Components */,
				A30DD2342F7493000016F357 /* PreviewHelpers.swift */,
			);
			path = Presentation;
			sourceTree = "<group>";
		};
		AA0000000000000000000D09 /* LogAnalysis */ = {
			isa = PBXGroup;
			children = (
				AA000000000000000000A09B /* LogAnalysisViewState.swift */,
				AA000000000000000000A0AB /* LogAnalysisViewModel.swift */,
				AA000000000000000000A0BB /* LogAnalysisView.swift */,
			);
			path = LogAnalysis;
			sourceTree = "<group>";
		};
		AA0000000000000000000D0A /* Components */ = {
			isa = PBXGroup;
			children = (
				AA000000000000000000A10B /* SamplePickerCard.swift */,
				AA000000000000000000A11B /* LogBatchCard.swift */,
				AA000000000000000000A12B /* AnalyzeButton.swift */,
				AA000000000000000000A13B /* ResultCard.swift */,
				AA000000000000000000A14B /* ErrorBanner.swift */,
				AA000000000000000000A15B /* UrgencyBadge.swift */,
				AA000000000000000000A16B /* TagsRow.swift */,
				AA000000000000000000A17B /* CardContainer.swift */,
				AA000000000000000000A18B /* SectionHeader.swift */,
			);
			path = Components;
			sourceTree = "<group>";
		};
/* End PBXGroup section */

/* Begin PBXNativeTarget section */
		AA0000000000000000000300 /* FoundationInsightsDemo */ = {
			isa = PBXNativeTarget;
			buildConfigurationList = AA0000000000000000000400 /* Build configuration list for PBXNativeTarget "FoundationInsightsDemo" */;
			buildPhases = (
				AA0000000000000000000101 /* Sources */,
				AA0000000000000000000100 /* Frameworks */,
				AA0000000000000000000102 /* Resources */,
			);
			buildRules = (
			);
			dependencies = (
			);
			name = FoundationInsightsDemo;
			packageProductDependencies = (
				AA000000000000000000006B /* FoundationInsights */,
			);
			productName = FoundationInsightsDemo;
			productReference = AA00000000000000000000F1 /* FoundationInsightsDemo.app */;
			productType = "com.apple.product-type.application";
		};
/* End PBXNativeTarget section */

/* Begin PBXProject section */
		AA0000000000000000000500 /* Project object */ = {
			isa = PBXProject;
			attributes = {
				BuildIndependentTargetsInParallel = 1;
				LastUpgradeCheck = 1600;
				TargetAttributes = {
					AA0000000000000000000300 = {
						CreatedOnToolsVersion = 16.0;
					};
				};
			};
			buildConfigurationList = AA0000000000000000000401 /* Build configuration list for PBXProject "FoundationInsightsDemo" */;
			compatibilityVersion = "Xcode 14.0";
			developmentRegion = en;
			hasScannedForEncodings = 0;
			knownRegions = (
				en,
				Base,
			);
			mainGroup = AA0000000000000000000202;
			packageReferences = (
				AA0000000000000000000600 /* XCLocalSwiftPackageReference "../.." */,
			);
			productRefGroup = AA0000000000000000000200 /* Products */;
			projectDirPath = "";
			projectRoot = "";
			targets = (
				AA0000000000000000000300 /* FoundationInsightsDemo */,
			);
		};
/* End PBXProject section */

/* Begin PBXResourcesBuildPhase section */
		AA0000000000000000000102 /* Resources */ = {
			isa = PBXResourcesBuildPhase;
			buildActionMask = 2147483647;
			files = (
			);
			runOnlyForDeploymentPostprocessing = 0;
		};
/* End PBXResourcesBuildPhase section */

/* Begin PBXSourcesBuildPhase section */
		AA0000000000000000000101 /* Sources */ = {
			isa = PBXSourcesBuildPhase;
			buildActionMask = 2147483647;
			files = (
				AA000000000000000000001A /* App.swift in Sources */,
				AA000000000000000000002A /* ContentView.swift in Sources */,
				AA000000000000000000005A /* SampleLogBatches.swift in Sources */,
				AA000000000000000000A01A /* AppDependencies.swift in Sources */,
				AA000000000000000000A02A /* LogAnalysisError.swift in Sources */,
				AA000000000000000000A03A /* AnalyzeLogsUseCase.swift in Sources */,
				AA000000000000000000A04A /* LoadSampleBatchUseCase.swift in Sources */,
				AA000000000000000000A05A /* LogAnalysisRepositoryProtocol.swift in Sources */,
				AA000000000000000000A06A /* LogAnalysisDataSourceProtocol.swift in Sources */,
				AA000000000000000000A07A /* FoundationInsightsDataSource.swift in Sources */,
				AA000000000000000000A08A /* DefaultLogAnalysisRepository.swift in Sources */,
				AA000000000000000000A09A /* LogAnalysisViewState.swift in Sources */,
				A30DD2352F7493000016F357 /* PreviewHelpers.swift in Sources */,
				AA000000000000000000A0AA /* LogAnalysisViewModel.swift in Sources */,
				AA000000000000000000A0BA /* LogAnalysisView.swift in Sources */,
				AA000000000000000000A10A /* SamplePickerCard.swift in Sources */,
				AA000000000000000000A11A /* LogBatchCard.swift in Sources */,
				AA000000000000000000A12A /* AnalyzeButton.swift in Sources */,
				AA000000000000000000A13A /* ResultCard.swift in Sources */,
				AA000000000000000000A14A /* ErrorBanner.swift in Sources */,
				AA000000000000000000A15A /* UrgencyBadge.swift in Sources */,
				AA000000000000000000A16A /* TagsRow.swift in Sources */,
				AA000000000000000000A17A /* CardContainer.swift in Sources */,
				AA000000000000000000A18A /* SectionHeader.swift in Sources */,
			);
			runOnlyForDeploymentPostprocessing = 0;
		};
/* End PBXSourcesBuildPhase section */

/* Begin XCBuildConfiguration section */
		AA000000000000000000004C /* Debug */ = {
			isa = XCBuildConfiguration;
			buildSettings = {
				ALWAYS_SEARCH_USER_PATHS = NO;
				CLANG_ANALYZER_NONNULL = YES;
				CLANG_CXX_LANGUAGE_STANDARD = "gnu++20";
				CLANG_ENABLE_MODULES = YES;
				CLANG_ENABLE_OBJC_ARC = YES;
				CLANG_ENABLE_OBJC_WEAK = YES;
				CLANG_WARN_BLOCK_CAPTURE_AUTORELEASING = YES;
				CLANG_WARN_BOOL_CONVERSION = YES;
				CLANG_WARN_COMMA = YES;
				CLANG_WARN_CONSTANT_CONVERSION = YES;
				CLANG_WARN_DEPRECATED_OBJC_IMPLEMENTATIONS = YES;
				CLANG_WARN_DIRECT_OBJC_ISA_USAGE = YES_ERROR;
				CLANG_WARN_DOCUMENTATION_COMMENTS = YES;
				CLANG_WARN_EMPTY_BODY = YES;
				CLANG_WARN_ENUM_CONVERSION = YES;
				CLANG_WARN_INFINITE_LOOPS = YES;
				CLANG_WARN_INT_CONVERSION = YES;
				CLANG_WARN_NON_LITERAL_NULL_CONVERSION = YES;
				CLANG_WARN_OBJC_IMPLICIT_RETAIN_SELF = YES;
				CLANG_WARN_OBJC_LITERAL_CONVERSION = YES;
				CLANG_WARN_OBJC_ROOT_CLASS = YES_ERROR;
				CLANG_WARN_QUOTED_INCLUDE_IN_FRAMEWORK_HEADER = YES;
				CLANG_WARN_RANGE_LOOP_ANALYSIS = YES;
				CLANG_WARN_STRICT_PROTOTYPES = YES;
				CLANG_WARN_SUSPICIOUS_MOVE = YES;
				CLANG_WARN_UNGUARDED_AVAILABILITY = YES_AGGRESSIVE;
				CLANG_WARN_UNREACHABLE_CODE = YES;
				CLANG_WARN__DUPLICATE_METHOD_MATCH = YES;
				COPY_PHASE_STRIP = NO;
				DEBUG_INFORMATION_FORMAT = dwarf;
				ENABLE_STRICT_OBJC_MSGSEND = YES;
				ENABLE_TESTABILITY = YES;
				ENABLE_USER_SCRIPT_SANDBOXING = YES;
				GCC_C_LANGUAGE_STANDARD = gnu17;
				GCC_DYNAMIC_NO_PIC = NO;
				GCC_NO_COMMON_BLOCKS = YES;
				GCC_OPTIMIZATION_LEVEL = 0;
				GCC_PREPROCESSOR_DEFINITIONS = (
					"DEBUG=1",
					"$(inherited)",
				);
				GCC_WARN_64_TO_32_BIT_CONVERSION = YES;
				GCC_WARN_ABOUT_RETURN_TYPE = YES_ERROR;
				GCC_WARN_UNDECLARED_SELECTOR = YES;
				GCC_WARN_UNINITIALIZED_AUTOS = YES_AGGRESSIVE;
				GCC_WARN_UNUSED_FUNCTION = YES;
				GCC_WARN_UNUSED_VARIABLE = YES;
				IPHONEOS_DEPLOYMENT_TARGET = 26.0;
				MTL_ENABLE_DEBUG_INFO = INCLUDE_SOURCE;
				MTL_FAST_MATH = YES;
				ONLY_ACTIVE_ARCH = YES;
				SDKROOT = iphoneos;
				SWIFT_ACTIVE_COMPILATION_CONDITIONS = "DEBUG $(inherited)";
				SWIFT_OPTIMIZATION_LEVEL = "-Onone";
			};
			name = Debug;
		};
		AA000000000000000000004D /* Release */ = {
			isa = XCBuildConfiguration;
			buildSettings = {
				ALWAYS_SEARCH_USER_PATHS = NO;
				CLANG_ANALYZER_NONNULL = YES;
				CLANG_CXX_LANGUAGE_STANDARD = "gnu++20";
				CLANG_ENABLE_MODULES = YES;
				CLANG_ENABLE_OBJC_ARC = YES;
				CLANG_ENABLE_OBJC_WEAK = YES;
				CLANG_WARN_BLOCK_CAPTURE_AUTORELEASING = YES;
				CLANG_WARN_BOOL_CONVERSION = YES;
				CLANG_WARN_COMMA = YES;
				CLANG_WARN_CONSTANT_CONVERSION = YES;
				CLANG_WARN_DEPRECATED_OBJC_IMPLEMENTATIONS = YES;
				CLANG_WARN_DIRECT_OBJC_ISA_USAGE = YES_ERROR;
				CLANG_WARN_DOCUMENTATION_COMMENTS = YES;
				CLANG_WARN_EMPTY_BODY = YES;
				CLANG_WARN_ENUM_CONVERSION = YES;
				CLANG_WARN_INFINITE_LOOPS = YES;
				CLANG_WARN_INT_CONVERSION = YES;
				CLANG_WARN_NON_LITERAL_NULL_CONVERSION = YES;
				CLANG_WARN_OBJC_IMPLICIT_RETAIN_SELF = YES;
				CLANG_WARN_OBJC_LITERAL_CONVERSION = YES;
				CLANG_WARN_OBJC_ROOT_CLASS = YES_ERROR;
				CLANG_WARN_QUOTED_INCLUDE_IN_FRAMEWORK_HEADER = YES;
				CLANG_WARN_RANGE_LOOP_ANALYSIS = YES;
				CLANG_WARN_STRICT_PROTOTYPES = YES;
				CLANG_WARN_SUSPICIOUS_MOVE = YES;
				CLANG_WARN_UNGUARDED_AVAILABILITY = YES_AGGRESSIVE;
				CLANG_WARN_UNREACHABLE_CODE = YES;
				CLANG_WARN__DUPLICATE_METHOD_MATCH = YES;
				COPY_PHASE_STRIP = NO;
				DEBUG_INFORMATION_FORMAT = "dwarf-with-dsym";
				ENABLE_NS_ASSERTIONS = NO;
				ENABLE_STRICT_OBJC_MSGSEND = YES;
				ENABLE_USER_SCRIPT_SANDBOXING = YES;
				GCC_C_LANGUAGE_STANDARD = gnu17;
				GCC_NO_COMMON_BLOCKS = YES;
				GCC_WARN_64_TO_32_BIT_CONVERSION = YES;
				GCC_WARN_ABOUT_RETURN_TYPE = YES_ERROR;
				GCC_WARN_UNDECLARED_SELECTOR = YES;
				GCC_WARN_UNINITIALIZED_AUTOS = YES_AGGRESSIVE;
				GCC_WARN_UNUSED_FUNCTION = YES;
				GCC_WARN_UNUSED_VARIABLE = YES;
				IPHONEOS_DEPLOYMENT_TARGET = 26.0;
				MTL_FAST_MATH = YES;
				SDKROOT = iphoneos;
				SWIFT_COMPILATION_MODE = wholemodule;
				VALIDATE_PRODUCT = YES;
			};
			name = Release;
		};
		AA000000000000000000004E /* Debug */ = {
			isa = XCBuildConfiguration;
			buildSettings = {
				ARCHS = arm64;
				CODE_SIGN_STYLE = Automatic;
				CURRENT_PROJECT_VERSION = 1;
				DEVELOPMENT_TEAM = LJ4XCD8HD3;
				ENABLE_APP_SANDBOX = YES;
				ENABLE_HARDENED_RUNTIME = YES;
				ENABLE_OUTGOING_NETWORK_CONNECTIONS = YES;
				GENERATE_INFOPLIST_FILE = NO;
				INFOPLIST_FILE = FoundationInsightsDemo/Info.plist;
				INFOPLIST_KEY_UIApplicationSceneManifest_Generation = NO;
				INFOPLIST_KEY_UILaunchScreen_Generation = YES;
				IPHONEOS_DEPLOYMENT_TARGET = 26.0;
				LD_RUNPATH_SEARCH_PATHS = (
					"$(inherited)",
					"@executable_path/Frameworks",
				);
				MARKETING_VERSION = 1.0;
				PRODUCT_BUNDLE_IDENTIFIER = com.example.FoundationInsightsDemo;
				PRODUCT_NAME = "$(TARGET_NAME)";
				REGISTER_APP_GROUPS = YES;
				SDKROOT = iphoneos;
				SUPPORTED_PLATFORMS = "iphoneos iphonesimulator macosx";
				SUPPORTS_MACCATALYST = NO;
				SWIFT_EMIT_LOC_STRINGS = YES;
				SWIFT_VERSION = 6.0;
				TARGETED_DEVICE_FAMILY = 1;
			};
			name = Debug;
		};
		AA000000000000000000004F /* Release */ = {
			isa = XCBuildConfiguration;
			buildSettings = {
				ARCHS = arm64;
				CODE_SIGN_STYLE = Automatic;
				CURRENT_PROJECT_VERSION = 1;
				DEVELOPMENT_TEAM = LJ4XCD8HD3;
				ENABLE_APP_SANDBOX = YES;
				ENABLE_HARDENED_RUNTIME = YES;
				ENABLE_OUTGOING_NETWORK_CONNECTIONS = YES;
				GENERATE_INFOPLIST_FILE = NO;
				INFOPLIST_FILE = FoundationInsightsDemo/Info.plist;
				INFOPLIST_KEY_UIApplicationSceneManifest_Generation = NO;
				INFOPLIST_KEY_UILaunchScreen_Generation = YES;
				IPHONEOS_DEPLOYMENT_TARGET = 26.0;
				LD_RUNPATH_SEARCH_PATHS = (
					"$(inherited)",
					"@executable_path/Frameworks",
				);
				MARKETING_VERSION = 1.0;
				PRODUCT_BUNDLE_IDENTIFIER = com.example.FoundationInsightsDemo;
				PRODUCT_NAME = "$(TARGET_NAME)";
				REGISTER_APP_GROUPS = YES;
				SDKROOT = iphoneos;
				SUPPORTED_PLATFORMS = "iphoneos iphonesimulator macosx";
				SUPPORTS_MACCATALYST = NO;
				SWIFT_EMIT_LOC_STRINGS = YES;
				SWIFT_VERSION = 6.0;
				TARGETED_DEVICE_FAMILY = 1;
			};
			name = Release;
		};
/* End XCBuildConfiguration section */

/* Begin XCConfigurationList section */
		AA0000000000000000000400 /* Build configuration list for PBXNativeTarget "FoundationInsightsDemo" */ = {
			isa = XCConfigurationList;
			buildConfigurations = (
				AA000000000000000000004E /* Debug */,
				AA000000000000000000004F /* Release */,
			);
			defaultConfigurationIsVisible = 0;
			defaultConfigurationName = Release;
		};
		AA0000000000000000000401 /* Build configuration list for PBXProject "FoundationInsightsDemo" */ = {
			isa = XCConfigurationList;
			buildConfigurations = (
				AA000000000000000000004C /* Debug */,
				AA000000000000000000004D /* Release */,
			);
			defaultConfigurationIsVisible = 0;
			defaultConfigurationName = Release;
		};
/* End XCConfigurationList section */

/* Begin XCLocalSwiftPackageReference section */
		AA0000000000000000000600 /* XCLocalSwiftPackageReference "../.." */ = {
			isa = XCLocalSwiftPackageReference;
			relativePath = ../..;
		};
/* End XCLocalSwiftPackageReference section */

/* Begin XCSwiftPackageProductDependency section */
		AA000000000000000000006B /* FoundationInsights */ = {
			isa = XCSwiftPackageProductDependency;
			package = AA0000000000000000000600 /* XCLocalSwiftPackageReference "../.." */;
			productName = FoundationInsights;
		};
/* End XCSwiftPackageProductDependency section */
	};
	rootObject = AA0000000000000000000500 /* Project object */;
}
